
Microsoft Visual Studio Solution File, Format Version 12.00
Project("{FAE04EC0-301F-11D3-BF4B-00C04F79EFBC}") = "DSharpPlus-Bot-Example", "DSharpPlus-Bot-Example\DSharpPlus-Bot-Example.csproj", "{42A08BAC-0450-460E-9633-00786C39FED5}"
EndProject
Global
	GlobalSection(SolutionConfigurationPlatforms) = preSolution
		Debug|Any CPU = Debug|Any CPU
		Release|Any CPU = Release|Any CPU
	EndGlobalSection
	GlobalSection(ProjectConfigurationPlatforms) = postSolution
		{42A08BAC-0450-460E-9633-00786C39FED5}.Debug|Any CPU.ActiveCfg = Debug|Any CPU
		{42A08BAC-0450-460E-9633-00786C39FED5}.Debug|Any CPU.Build.0 = Debug|Any CPU
		{42A08BAC-0450-460E-9633-00786C39FED5}.Release|Any CPU.ActiveCfg = Release|Any CPU
		{42A08BAC-0450-460E-9633-00786C39FED5}.Release|Any CPU.Build.0 = Release|Any CPU
	EndGlobalSection
EndGlobal
